
Microsoft Visual Studio Solution File, Format Version 12.00
# Visual Studio 14
VisualStudioVersion = 14.0.24720.0
MinimumVisualStudioVersion = 10.0.40219.1
Project("{FAE04EC0-301F-11D3-BF4B-00C04F79EFBC}") = "TypedRest", "TypedRest\TypedRest.csproj", "{1053B515-D182-4B3A-88E2-9E55A7E69E3D}"
EndProject
Project("{FAE04EC0-301F-11D3-BF4B-00C04F79EFBC}") = "TypedRest.CommandLine", "TypedRest.CommandLine\TypedRest.CommandLine.csproj", "{0EBBB26C-3F15-43A1-90AA-2A738CD1E299}"
EndProject
Project("{FAE04EC0-301F-11D3-BF4B-00C04F79EFBC}") = "UnitTests", "UnitTests\UnitTests.csproj", "{967D6438-9E35-438D-B426-4FCA71864256}"
EndProject
Project("{FAE04EC0-301F-11D3-BF4B-00C04F79EFBC}") = "TypedRest.Wpf", "TypedRest.Wpf\TypedRest.Wpf.csproj", "{1C24A67E-F51F-47DA-9090-38825CD1960D}"
EndProject
Project("{2150E333-8FDC-42A3-9474-1A3956D46DE8}") = "Samples", "Samples", "{9291B0D7-747B-4654-95F5-6DD316BDDEFC}"
EndProject
Project("{FAE04EC0-301F-11D3-BF4B-00C04F79EFBC}") = "Client", "Samples\Client\Client.csproj", "{E511630A-3358-4779-B1FE-CDDE99E72694}"
EndProject
Project("{FAE04EC0-301F-11D3-BF4B-00C04F79EFBC}") = "Client.CommandLine", "Samples\Client.CommandLine\Client.CommandLine.csproj", "{78C1F6DF-7531-4C31-B149-EB8D815EEF45}"
EndProject
Project("{FAE04EC0-301F-11D3-BF4B-00C04F79EFBC}") = "Client.Wpf", "Samples\Client.Wpf\Client.Wpf.csproj", "{A4F538EE-E3A9-44CA-88F6-751D5EE7A4FE}"
EndProject
Project("{FAE04EC0-301F-11D3-BF4B-00C04F79EFBC}") = "Server", "Samples\Server\Server.csproj", "{A2D4CDB5-87D6-487D-B2F3-D73B724A7DCE}"
EndProject
Project("{FAE04EC0-301F-11D3-BF4B-00C04F79EFBC}") = "Model", "Samples\Model\Model.csproj", "{093CFB54-4D27-4728-9955-FFB010555FA9}"
EndProject
Global
	GlobalSection(SolutionConfigurationPlatforms) = preSolution
		Debug|Any CPU = Debug|Any CPU
		Release|Any CPU = Release|Any CPU
	EndGlobalSection
	GlobalSection(ProjectConfigurationPlatforms) = postSolution
		{1053B515-D182-4B3A-88E2-9E55A7E69E3D}.Debug|Any CPU.ActiveCfg = Debug|Any CPU
		{1053B515-D182-4B3A-88E2-9E55A7E69E3D}.Debug|Any CPU.Build.0 = Debug|Any CPU
		{1053B515-D182-4B3A-88E2-9E55A7E69E3D}.Release|Any CPU.ActiveCfg = Release|Any CPU
		{1053B515-D182-4B3A-88E2-9E55A7E69E3D}.Release|Any CPU.Build.0 = Release|Any CPU
		{0EBBB26C-3F15-43A1-90AA-2A738CD1E299}.Debug|Any CPU.ActiveCfg = Debug|Any CPU
		{0EBBB26C-3F15-43A1-90AA-2A738CD1E299}.Debug|Any CPU.Build.0 = Debug|Any CPU
		{0EBBB26C-3F15-43A1-90AA-2A738CD1E299}.Release|Any CPU.ActiveCfg = Release|Any CPU
		{0EBBB26C-3F15-43A1-90AA-2A738CD1E299}.Release|Any CPU.Build.0 = Release|Any CPU
		{967D6438-9E35-438D-B426-4FCA71864256}.Debug|Any CPU.ActiveCfg = Debug|Any CPU
		{967D6438-9E35-438D-B426-4FCA71864256}.Debug|Any CPU.Build.0 = Debug|Any CPU
		{967D6438-9E35-438D-B426-4FCA71864256}.Release|Any CPU.ActiveCfg = Release|Any CPU
		{967D6438-9E35-438D-B426-4FCA71864256}.Release|Any CPU.Build.0 = Release|Any CPU
		{1C24A67E-F51F-47DA-9090-38825CD1960D}.Debug|Any CPU.ActiveCfg = Debug|Any CPU
		{1C24A67E-F51F-47DA-9090-38825CD1960D}.Debug|Any CPU.Build.0 = Debug|Any CPU
		{1C24A67E-F51F-47DA-9090-38825CD1960D}.Release|Any CPU.ActiveCfg = Release|Any CPU
		{1C24A67E-F51F-47DA-9090-38825CD1960D}.Release|Any CPU.Build.0 = Release|Any CPU
		{E511630A-3358-4779-B1FE-CDDE99E72694}.Debug|Any CPU.ActiveCfg = Debug|Any CPU
		{E511630A-3358-4779-B1FE-CDDE99E72694}.Debug|Any CPU.Build.0 = Debug|Any CPU
		{E511630A-3358-4779-B1FE-CDDE99E72694}.Release|Any CPU.ActiveCfg = Release|Any CPU
		{E511630A-3358-4779-B1FE-CDDE99E72694}.Release|Any CPU.Build.0 = Release|Any CPU
		{78C1F6DF-7531-4C31-B149-EB8D815EEF45}.Debug|Any CPU.ActiveCfg = Debug|Any CPU
		{78C1F6DF-7531-4C31-B149-EB8D815EEF45}.Debug|Any CPU.Build.0 = Debug|Any CPU
		{78C1F6DF-7531-4C31-B149-EB8D815EEF45}.Release|Any CPU.ActiveCfg = Release|Any CPU
		{78C1F6DF-7531-4C31-B149-EB8D815EEF45}.Release|Any CPU.Build.0 = Release|Any CPU
		{A4F538EE-E3A9-44CA-88F6-751D5EE7A4FE}.Debug|Any CPU.ActiveCfg = Debug|Any CPU
		{A4F538EE-E3A9-44CA-88F6-751D5EE7A4FE}.Debug|Any CPU.Build.0 = Debug|Any CPU
		{A4F538EE-E3A9-44CA-88F6-751D5EE7A4FE}.Release|Any CPU.ActiveCfg = Release|Any CPU
		{A4F538EE-E3A9-44CA-88F6-751D5EE7A4FE}.Release|Any CPU.Build.0 = Release|Any CPU
		{A2D4CDB5-87D6-487D-B2F3-D73B724A7DCE}.Debug|Any CPU.ActiveCfg = Debug|Any CPU
		{A2D4CDB5-87D6-487D-B2F3-D73B724A7DCE}.Debug|Any CPU.Build.0 = Debug|Any CPU
		{A2D4CDB5-87D6-487D-B2F3-D73B724A7DCE}.Release|Any CPU.ActiveCfg = Release|Any CPU
		{A2D4CDB5-87D6-487D-B2F3-D73B724A7DCE}.Release|Any CPU.Build.0 = Release|Any CPU
		{093CFB54-4D27-4728-9955-FFB010555FA9}.Debug|Any CPU.ActiveCfg = Debug|Any CPU
		{093CFB54-4D27-4728-9955-FFB010555FA9}.Debug|Any CPU.Build.0 = Debug|Any CPU
		{093CFB54-4D27-4728-9955-FFB010555FA9}.Release|Any CPU.ActiveCfg = Release|Any CPU
		{093CFB54-4D27-4728-9955-FFB010555FA9}.Release|Any CPU.Build.0 = Release|Any CPU
	EndGlobalSection
	GlobalSection(SolutionProperties) = preSolution
		HideSolutionNode = FALSE
	EndGlobalSection
	GlobalSection(NestedProjects) = preSolution
		{E511630A-3358-4779-B1FE-CDDE99E72694} = {9291B0D7-747B-4654-95F5-6DD316BDDEFC}
		{78C1F6DF-7531-4C31-B149-EB8D815EEF45} = {9291B0D7-747B-4654-95F5-6DD316BDDEFC}
		{A4F538EE-E3A9-44CA-88F6-751D5EE7A4FE} = {9291B0D7-747B-4654-95F5-6DD316BDDEFC}
		{A2D4CDB5-87D6-487D-B2F3-D73B724A7DCE} = {9291B0D7-747B-4654-95F5-6DD316BDDEFC}
		{093CFB54-4D27-4728-9955-FFB010555FA9} = {9291B0D7-747B-4654-95F5-6DD316BDDEFC}
	EndGlobalSection
EndGlobal
