
Microsoft Visual Studio Solution File, Format Version 12.00
# Visual Studio 14
VisualStudioVersion = 14.0.24720.0
MinimumVisualStudioVersion = 12.0
Project("{FAE04EC0-301F-11D3-BF4B-00C04F79EFBC}") = "WebService", "WebService\WebService.csproj", "{D85E43B0-1403-45D8-9240-DC22899755CB}"
EndProject
Project("{FAE04EC0-301F-11D3-BF4B-00C04F79EFBC}") = "Model", "Model\Model.csproj", "{BA4FE533-BFC3-48C5-93D1-4DC230B9BC9C}"
EndProject
Project("{FAE04EC0-301F-11D3-BF4B-00C04F79EFBC}") = "BusinessLogic", "BusinessLogic\BusinessLogic.csproj", "{4B062778-BEB1-45D2-B193-0A1281E37762}"
EndProject
Project("{FAE04EC0-301F-11D3-BF4B-00C04F79EFBC}") = "BusinessLogic.UnitTests", "BusinessLogic.UnitTests\BusinessLogic.UnitTests.csproj", "{B1A35485-891C-4CB4-98A2-596C6D74639F}"
EndProject
Project("{FAE04EC0-301F-11D3-BF4B-00C04F79EFBC}") = "Client", "Client\Client.csproj", "{0AEBFCB9-69A1-472A-A458-795611C8DBB6}"
EndProject
Project("{FAE04EC0-301F-11D3-BF4B-00C04F79EFBC}") = "Client.CommandLine", "Client.CommandLine\Client.CommandLine.csproj", "{1C251E27-50BB-4247-9ADD-83FE2B2DCEE7}"
EndProject
Project("{FAE04EC0-301F-11D3-BF4B-00C04F79EFBC}") = "Client.UnitTests", "Client.UnitTests\Client.UnitTests.csproj", "{BB014AAA-0741-47E9-AA63-0B7388979019}"
EndProject
Global
	GlobalSection(SolutionConfigurationPlatforms) = preSolution
		Debug|Any CPU = Debug|Any CPU
		Release|Any CPU = Release|Any CPU
	EndGlobalSection
	GlobalSection(ProjectConfigurationPlatforms) = postSolution
		{D85E43B0-1403-45D8-9240-DC22899755CB}.Debug|Any CPU.ActiveCfg = Debug|Any CPU
		{D85E43B0-1403-45D8-9240-DC22899755CB}.Debug|Any CPU.Build.0 = Debug|Any CPU
		{D85E43B0-1403-45D8-9240-DC22899755CB}.Release|Any CPU.ActiveCfg = Release|Any CPU
		{D85E43B0-1403-45D8-9240-DC22899755CB}.Release|Any CPU.Build.0 = Release|Any CPU
		{BA4FE533-BFC3-48C5-93D1-4DC230B9BC9C}.Debug|Any CPU.ActiveCfg = Debug|Any CPU
		{BA4FE533-BFC3-48C5-93D1-4DC230B9BC9C}.Debug|Any CPU.Build.0 = Debug|Any CPU
		{BA4FE533-BFC3-48C5-93D1-4DC230B9BC9C}.Release|Any CPU.ActiveCfg = Release|Any CPU
		{BA4FE533-BFC3-48C5-93D1-4DC230B9BC9C}.Release|Any CPU.Build.0 = Release|Any CPU
		{4B062778-BEB1-45D2-B193-0A1281E37762}.Debug|Any CPU.ActiveCfg = Debug|Any CPU
		{4B062778-BEB1-45D2-B193-0A1281E37762}.Debug|Any CPU.Build.0 = Debug|Any CPU
		{4B062778-BEB1-45D2-B193-0A1281E37762}.Release|Any CPU.ActiveCfg = Release|Any CPU
		{4B062778-BEB1-45D2-B193-0A1281E37762}.Release|Any CPU.Build.0 = Release|Any CPU
		{B1A35485-891C-4CB4-98A2-596C6D74639F}.Debug|Any CPU.ActiveCfg = Debug|Any CPU
		{B1A35485-891C-4CB4-98A2-596C6D74639F}.Debug|Any CPU.Build.0 = Debug|Any CPU
		{B1A35485-891C-4CB4-98A2-596C6D74639F}.Release|Any CPU.ActiveCfg = Release|Any CPU
		{B1A35485-891C-4CB4-98A2-596C6D74639F}.Release|Any CPU.Build.0 = Release|Any CPU
		{0AEBFCB9-69A1-472A-A458-795611C8DBB6}.Debug|Any CPU.ActiveCfg = Debug|Any CPU
		{0AEBFCB9-69A1-472A-A458-795611C8DBB6}.Debug|Any CPU.Build.0 = Debug|Any CPU
		{0AEBFCB9-69A1-472A-A458-795611C8DBB6}.Release|Any CPU.ActiveCfg = Release|Any CPU
		{0AEBFCB9-69A1-472A-A458-795611C8DBB6}.Release|Any CPU.Build.0 = Release|Any CPU
		{1C251E27-50BB-4247-9ADD-83FE2B2DCEE7}.Debug|Any CPU.ActiveCfg = Debug|Any CPU
		{1C251E27-50BB-4247-9ADD-83FE2B2DCEE7}.Debug|Any CPU.Build.0 = Debug|Any CPU
		{1C251E27-50BB-4247-9ADD-83FE2B2DCEE7}.Release|Any CPU.ActiveCfg = Release|Any CPU
		{1C251E27-50BB-4247-9ADD-83FE2B2DCEE7}.Release|Any CPU.Build.0 = Release|Any CPU
		{BB014AAA-0741-47E9-AA63-0B7388979019}.Debug|Any CPU.ActiveCfg = Debug|Any CPU
		{BB014AAA-0741-47E9-AA63-0B7388979019}.Debug|Any CPU.Build.0 = Debug|Any CPU
		{BB014AAA-0741-47E9-AA63-0B7388979019}.Release|Any CPU.ActiveCfg = Release|Any CPU
		{BB014AAA-0741-47E9-AA63-0B7388979019}.Release|Any CPU.Build.0 = Release|Any CPU
	EndGlobalSection
	GlobalSection(SolutionProperties) = preSolution
		HideSolutionNode = FALSE
	EndGlobalSection
EndGlobal
