
Microsoft Visual Studio Solution File, Format Version 12.00
# Visual Studio 15
VisualStudioVersion = 15.0.27428.2005
MinimumVisualStudioVersion = 14.0
Project("{9A19103F-16F7-4668-BE54-9A1E7A4F7556}") = "TypedRest", "TypedRest\TypedRest.csproj", "{1053B515-D182-4B3A-88E2-9E55A7E69E3D}"
EndProject
Project("{9A19103F-16F7-4668-BE54-9A1E7A4F7556}") = "TypedRest.Reactive", "TypedRest.Reactive\TypedRest.Reactive.csproj", "{A9A75ECC-93CA-4055-AFD5-6E7BA5826939}"
EndProject
Project("{9A19103F-16F7-4668-BE54-9A1E7A4F7556}") = "TypedRest.SystemTextJson", "TypedRest.SystemTextJson\TypedRest.SystemTextJson.csproj", "{23D25AF5-4D22-4062-BCBE-3A87BF97BBA7}"
EndProject
Project("{9A19103F-16F7-4668-BE54-9A1E7A4F7556}") = "TypedRest.OAuth", "TypedRest.OAuth\TypedRest.OAuth.csproj", "{178420C1-3E4F-4445-BE5F-F97B7ED30FB7}"
EndProject
Project("{9A19103F-16F7-4668-BE54-9A1E7A4F7556}") = "TypedRest.CommandLine", "TypedRest.CommandLine\TypedRest.CommandLine.csproj", "{0EBBB26C-3F15-43A1-90AA-2A738CD1E299}"
EndProject
Project("{9A19103F-16F7-4668-BE54-9A1E7A4F7556}") = "UnitTests", "UnitTests\UnitTests.csproj", "{967D6438-9E35-438D-B426-4FCA71864256}"
EndProject
Project("{2150E333-8FDC-42A3-9474-1A3956D46DE8}") = "Shared", "Shared", "{B39EA880-079F-413C-A2C0-D2E008B10677}"
ProjectSection(SolutionItems) = preProject
	Directory.Build.props = Directory.Build.props
EndProjectSection
EndProject
Global
	GlobalSection(SolutionConfigurationPlatforms) = preSolution
		Debug|Any CPU = Debug|Any CPU
		Release|Any CPU = Release|Any CPU
	EndGlobalSection
	GlobalSection(ProjectConfigurationPlatforms) = postSolution
		{1053B515-D182-4B3A-88E2-9E55A7E69E3D}.Debug|Any CPU.ActiveCfg = Debug|Any CPU
		{1053B515-D182-4B3A-88E2-9E55A7E69E3D}.Debug|Any CPU.Build.0 = Debug|Any CPU
		{1053B515-D182-4B3A-88E2-9E55A7E69E3D}.Release|Any CPU.ActiveCfg = Release|Any CPU
		{1053B515-D182-4B3A-88E2-9E55A7E69E3D}.Release|Any CPU.Build.0 = Release|Any CPU
		{A9A75ECC-93CA-4055-AFD5-6E7BA5826939}.Debug|Any CPU.ActiveCfg = Debug|Any CPU
		{A9A75ECC-93CA-4055-AFD5-6E7BA5826939}.Debug|Any CPU.Build.0 = Debug|Any CPU
		{A9A75ECC-93CA-4055-AFD5-6E7BA5826939}.Release|Any CPU.ActiveCfg = Release|Any CPU
		{A9A75ECC-93CA-4055-AFD5-6E7BA5826939}.Release|Any CPU.Build.0 = Release|Any CPU
		{23D25AF5-4D22-4062-BCBE-3A87BF97BBA7}.Debug|Any CPU.ActiveCfg = Debug|Any CPU
		{23D25AF5-4D22-4062-BCBE-3A87BF97BBA7}.Debug|Any CPU.Build.0 = Debug|Any CPU
		{23D25AF5-4D22-4062-BCBE-3A87BF97BBA7}.Release|Any CPU.ActiveCfg = Release|Any CPU
		{23D25AF5-4D22-4062-BCBE-3A87BF97BBA7}.Release|Any CPU.Build.0 = Release|Any CPU
		{178420C1-3E4F-4445-BE5F-F97B7ED30FB7}.Debug|Any CPU.ActiveCfg = Debug|Any CPU
		{178420C1-3E4F-4445-BE5F-F97B7ED30FB7}.Debug|Any CPU.Build.0 = Debug|Any CPU
		{178420C1-3E4F-4445-BE5F-F97B7ED30FB7}.Release|Any CPU.ActiveCfg = Release|Any CPU
		{178420C1-3E4F-4445-BE5F-F97B7ED30FB7}.Release|Any CPU.Build.0 = Release|Any CPU
		{0EBBB26C-3F15-43A1-90AA-2A738CD1E299}.Debug|Any CPU.ActiveCfg = Debug|Any CPU
		{0EBBB26C-3F15-43A1-90AA-2A738CD1E299}.Debug|Any CPU.Build.0 = Debug|Any CPU
		{0EBBB26C-3F15-43A1-90AA-2A738CD1E299}.Release|Any CPU.ActiveCfg = Release|Any CPU
		{0EBBB26C-3F15-43A1-90AA-2A738CD1E299}.Release|Any CPU.Build.0 = Release|Any CPU
		{967D6438-9E35-438D-B426-4FCA71864256}.Debug|Any CPU.ActiveCfg = Debug|Any CPU
		{967D6438-9E35-438D-B426-4FCA71864256}.Debug|Any CPU.Build.0 = Debug|Any CPU
		{967D6438-9E35-438D-B426-4FCA71864256}.Release|Any CPU.ActiveCfg = Release|Any CPU
		{967D6438-9E35-438D-B426-4FCA71864256}.Release|Any CPU.Build.0 = Release|Any CPU
	EndGlobalSection
	GlobalSection(SolutionProperties) = preSolution
		HideSolutionNode = FALSE
	EndGlobalSection
EndGlobal
